<?xml version="1.0" encoding="utf-8"?>
<Project ToolsVersion="4.0" xmlns="http://schemas.microsoft.com/developer/msbuild/2003">
  <ItemGroup>
    <Filter Include="Source Files">
      <UniqueIdentifier>{ffeb828d-fc6d-4322-bdab-ee99634ccbfd}</UniqueIdentifier>
      <Extensions>cpp;cxx;c</Extensions>
    </Filter>
    <Filter Include="Header Files">
      <UniqueIdentifier>{124f1e6c-b8ce-43d5-a069-7c400e280f54}</UniqueIdentifier>
      <Extensions>hpp;h</Extensions>
    </Filter>
  </ItemGroup>
  <ItemGroup>
    <None Include="ReadMe.txt" />
    <None Include="resources\fonts\arial.fnt" />
    <None Include="resources\shaders\StaticFW_Pixel.glsl" />
    <None Include="resources\shaders\StaticFW_Vertex.glsl" />
    <None Include="ClassDiagram1.cd" />
  </ItemGroup>
  <ItemGroup>
    <ClCompile Include="source\main.cpp">
      <Filter>Source Files</Filter>
    </ClCompile>
    <ClCompile Include="source\InputHandler.cpp">
      <Filter>Source Files</Filter>
    </ClCompile>
    <ClCompile Include="source\Level.cpp">
      <Filter>Source Files</Filter>
    </ClCompile>
    <ClCompile Include="source\Player.cpp">
      <Filter>Source Files</Filter>
    </ClCompile>
    <ClCompile Include="source\Collision.cpp">
      <Filter>Source Files</Filter>
    </ClCompile>
    <ClCompile Include="source\Enemy.cpp">
      <Filter>Source Files</Filter>
    </ClCompile>
    <ClCompile Include="source\EnemyManager.cpp">
      <Filter>Source Files</Filter>
    </ClCompile>
    <ClCompile Include="source\Bullet.cpp">
      <Filter>Source Files</Filter>
    </ClCompile>
    <ClCompile Include="source\State.cpp">
      <Filter>Source Files</Filter>
    </ClCompile>
    <ClCompile Include="source\StateManager.cpp">
      <Filter>Source Files</Filter>
    </ClCompile>
    <ClCompile Include="source\GameState.cpp">
      <Filter>Source Files</Filter>
    </ClCompile>
    <ClCompile Include="source\SplashScreen.cpp">
      <Filter>Source Files</Filter>
    </ClCompile>
    <ClCompile Include="source\MainMenu.cpp">
      <Filter>Source Files</Filter>
    </ClCompile>
    <ClCompile Include="source\GameEnd.cpp">
      <Filter>Source Files</Filter>
    </ClCompile>
    <ClCompile Include="source\Entity.cpp">
      <Filter>Source Files</Filter>
    </ClCompile>
    <ClCompile Include="source\Sprites.cpp">
      <Filter>Source Files</Filter>
    </ClCompile>
    <ClCompile Include="source\FIghterJet.cpp">
      <Filter>Source Files</Filter>
    </ClCompile>
    <ClCompile Include="source\BomberJet.cpp">
      <Filter>Source Files</Filter>
    </ClCompile>
    <ClCompile Include="source\GameOverState.cpp">
      <Filter>Source Files</Filter>
    </ClCompile>
    <ClCompile Include="source\CreditsState.cpp">
      <Filter>Source Files</Filter>
    </ClCompile>
    <ClCompile Include="source\HighScoresState.cpp">
      <Filter>Source Files</Filter>
    </ClCompile>
  </ItemGroup>
  <ItemGroup>
    <ClInclude Include="include\AIE.h">
      <Filter>Header Files</Filter>
    </ClInclude>
    <ClInclude Include="include\Enums.h">
      <Filter>Header Files</Filter>
    </ClInclude>
    <ClInclude Include="include\InputHandler.h">
      <Filter>Header Files</Filter>
    </ClInclude>
    <ClInclude Include="include\Keys.h">
      <Filter>Header Files</Filter>
    </ClInclude>
    <ClInclude Include="include\Level.h">
      <Filter>Header Files</Filter>
    </ClInclude>
    <ClInclude Include="include\Tile.h">
      <Filter>Header Files</Filter>
    </ClInclude>
    <ClInclude Include="include\Player.h">
      <Filter>Header Files</Filter>
    </ClInclude>
    <ClInclude Include="include\Collision.h">
      <Filter>Header Files</Filter>
    </ClInclude>
    <ClInclude Include="include\Enemy.h">
      <Filter>Header Files</Filter>
    </ClInclude>
    <ClInclude Include="include\EnemyManager.h">
      <Filter>Header Files</Filter>
    </ClInclude>
    <ClInclude Include="include\Bullet.h">
      <Filter>Header Files</Filter>
    </ClInclude>
    <ClInclude Include="include\Timer.h">
      <Filter>Header Files</Filter>
    </ClInclude>
    <ClInclude Include="include\State.h">
      <Filter>Header Files</Filter>
    </ClInclude>
    <ClInclude Include="include\StateManager.h">
      <Filter>Header Files</Filter>
    </ClInclude>
    <ClInclude Include="include\GameState.h">
      <Filter>Header Files</Filter>
    </ClInclude>
    <ClInclude Include="include\SplashScreen.h">
      <Filter>Header Files</Filter>
    </ClInclude>
    <ClInclude Include="include\MainMenu.h">
      <Filter>Header Files</Filter>
    </ClInclude>
    <ClInclude Include="include\GameEnd.h">
      <Filter>Header Files</Filter>
    </ClInclude>
    <ClInclude Include="include\Entity.h">
      <Filter>Header Files</Filter>
    </ClInclude>
    <ClInclude Include="include\Sprites.h">
      <Filter>Header Files</Filter>
    </ClInclude>
    <ClInclude Include="include\BomberJet.h">
      <Filter>Header Files</Filter>
    </ClInclude>
    <ClInclude Include="include\FighterJet.h">
      <Filter>Header Files</Filter>
    </ClInclude>
    <ClInclude Include="include\GameOverState.h">
      <Filter>Header Files</Filter>
    </ClInclude>
    <ClInclude Include="include\HighScoresState.h">
      <Filter>Header Files</Filter>
    </ClInclude>
    <ClInclude Include="include\CreditsState.h">
      <Filter>Header Files</Filter>
    </ClInclude>
  </ItemGroup>
</Project>